// !$*UTF8*$!
{
	archiveVersion = 1;
	classes = {
	};
	objectVersion = 46;
	objects = {

/* Begin PBXBuildFile section */
		9A4ED3C61CA898E200DECFAC /* AppDelegate.swift in Sources */ = {isa = PBXBuildFile; fileRef = 9A4ED3C51CA898E200DECFAC /* AppDelegate.swift */; };
		9A4ED3C81CA898E200DECFAC /* Assets.xcassets in Resources */ = {isa = PBXBuildFile; fileRef = 9A4ED3C71CA898E200DECFAC /* Assets.xcassets */; };
		9A4ED3CB1CA898E200DECFAC /* MainMenu.xib in Resources */ = {isa = PBXBuildFile; fileRef = 9A4ED3C91CA898E200DECFAC /* MainMenu.xib */; };
/* End PBXBuildFile section */

/* Begin PBXFileReference section */
		9A4ED3C21CA898E200DECFAC /* StreamcloudGrabber.app */ = {isa = PBXFileReference; explicitFileType = wrapper.application; includeInIndex = 0; path = StreamcloudGrabber.app; sourceTree = BUILT_PRODUCTS_DIR; };
		9A4ED3C51CA898E200DECFAC /* AppDelegate.swift */ = {isa = PBXFileReference; lastKnownFileType = sourcecode.swift; path = AppDelegate.swift; sourceTree = "<group>"; };
		9A4ED3C71CA898E200DECFAC /* Assets.xcassets */ = {isa = PBXFileReference; lastKnownFileType = folder.assetcatalog; path = Assets.xcassets; sourceTree = "<group>"; };
		9A4ED3CA1CA898E200DECFAC /* Base */ = {isa = PBXFileReference; lastKnownFileType = file.xib; name = Base; path = Base.lproj/MainMenu.xib; sourceTree = "<group>"; };
		9A4ED3CC1CA898E200DECFAC /* Info.plist */ = {isa = PBXFileReference; lastKnownFileType = text.plist.xml; path = Info.plist; sourceTree = "<group>"; };
/* End PBXFileReference section */

/* Begin PBXFrameworksBuildPhase section */
		9A4ED3BF1CA898E100DECFAC /* Frameworks */ = {
			isa = PBXFrameworksBuildPhase;
			buildActionMask = 2147483647;
			files = (
			);
			runOnlyForDeploymentPostprocessing = 0;
		};
/* End PBXFrameworksBuildPhase section */

/* Begin PBXGroup section */
		9A4ED3B91CA898E100DECFAC = {
			isa = PBXGroup;
			children = (
				9A4ED3C41CA898E200DECFAC /* StreamcloudGrabber */,
				9A4ED3C31CA898E200DECFAC /* Products */,
			);
			sourceTree = "<group>";
		};
		9A4ED3C31CA898E200DECFAC /* Products */ = {
			isa = PBXGroup;
			children = (
				9A4ED3C21CA898E200DECFAC /* StreamcloudGrabber.app */,
			);
			name = Products;
			sourceTree = "<group>";
		};
		9A4ED3C41CA898E200DECFAC /* StreamcloudGrabber */ = {
			isa = PBXGroup;
			children = (
				9A4ED3C51CA898E200DECFAC /* AppDelegate.swift */,
				9A4ED3C71CA898E200DECFAC /* Assets.xcassets */,
				9A4ED3C91CA898E200DECFAC /* MainMenu.xib */,
				9A4ED3CC1CA898E200DECFAC /* Info.plist */,
			);
			path = StreamcloudGrabber;
			sourceTree = "<group>";
		};
/* End PBXGroup section */

/* Begin PBXNativeTarget section */
		9A4ED3C11CA898E100DECFAC /* StreamcloudGrabber */ = {
			isa = PBXNativeTarget;
			buildConfigurationList = 9A4ED3CF1CA898E200DECFAC /* Build configuration list for PBXNativeTarget "StreamcloudGrabber" */;
			buildPhases = (
				9A4ED3BE1CA898E100DECFAC /* Sources */,
				9A4ED3BF1CA898E100DECFAC /* Frameworks */,
				9A4ED3C01CA898E100DECFAC /* Resources */,
			);
			buildRules = (
			);
			dependencies = (
			);
			name = StreamcloudGrabber;
			productName = StreamcloudGrabber;
			productReference = 9A4ED3C21CA898E200DECFAC /* StreamcloudGrabber.app */;
			productType = "com.apple.product-type.application";
		};
/* End PBXNativeTarget section */

/* Begin PBXProject section */
		9A4ED3BA1CA898E100DECFAC /* Project object */ = {
			isa = PBXProject;
			attributes = {
				LastSwiftUpdateCheck = 0730;
				LastUpgradeCheck = 0730;
				ORGANIZATIONNAME = "Tom Albrecht";
				TargetAttributes = {
					9A4ED3C11CA898E100DECFAC = {
						CreatedOnToolsVersion = 7.3;
					};
				};
			};
			buildConfigurationList = 9A4ED3BD1CA898E100DECFAC /* Build configuration list for PBXProject "StreamcloudGrabber" */;
			compatibilityVersion = "Xcode 3.2";
			developmentRegion = English;
			hasScannedForEncodings = 0;
			knownRegions = (
				en,
				Base,
			);
			mainGroup = 9A4ED3B91CA898E100DECFAC;
			productRefGroup = 9A4ED3C31CA898E200DECFAC /* Products */;
			projectDirPath = "";
			projectRoot = "";
			targets = (
				9A4ED3C11CA898E100DECFAC /* StreamcloudGrabber */,
			);
		};
/* End PBXProject section */

/* Begin PBXResourcesBuildPhase section */
		9A4ED3C01CA898E100DECFAC /* Resources */ = {
			isa = PBXResourcesBuildPhase;
			buildActionMask = 2147483647;
			files = (
				9A4ED3C81CA898E200DECFAC /* Assets.xcassets in Resources */,
				9A4ED3CB1CA898E200DECFAC /* MainMenu.xib in Resources */,
			);
			runOnlyForDeploymentPostprocessing = 0;
		};
/* End PBXResourcesBuildPhase section */

/* Begin PBXSourcesBuildPhase section */
		9A4ED3BE1CA898E100DECFAC /* Sources */ = {
			isa = PBXSourcesBuildPhase;
			buildActionMask = 2147483647;
			files = (
				9A4ED3C61CA898E200DECFAC /* AppDelegate.swift in Sources */,
			);
			runOnlyForDeploymentPostprocessing = 0;
		};
/* End PBXSourcesBuildPhase section */

/* Begin PBXVariantGroup section */
		9A4ED3C91CA898E200DECFAC /* MainMenu.xib */ = {
			isa = PBXVariantGroup;
			children = (
				9A4ED3CA1CA898E200DECFAC /* Base */,
			);
			name = MainMenu.xib;
			sourceTree = "<group>";
		};
/* End PBXVariantGroup section */

/* Begin XCBuildConfiguration section */
		9A4ED3CD1CA898E200DECFAC /* Debug */ = {
			isa = XCBuildConfiguration;
			buildSettings = {
				ALWAYS_SEARCH_USER_PATHS = NO;
				CLANG_ANALYZER_NONNULL = YES;
				CLANG_CXX_LANGUAGE_STANDARD = "gnu++0x";
				CLANG_CXX_LIBRARY = "libc++";
				CLANG_ENABLE_MODULES = YES;
				CLANG_ENABLE_OBJC_ARC = YES;
				CLANG_WARN_BOOL_CONVERSION = YES;
				CLANG_WARN_CONSTANT_CONVERSION = YES;
				CLANG_WARN_DIRECT_OBJC_ISA_USAGE = YES_ERROR;
				CLANG_WARN_EMPTY_BODY = YES;
				CLANG_WARN_ENUM_CONVERSION = YES;
				CLANG_WARN_INT_CONVERSION = YES;
				CLANG_WARN_OBJC_ROOT_CLASS = YES_ERROR;
				CLANG_WARN_UNREACHABLE_CODE = YES;
				CLANG_WARN__DUPLICATE_METHOD_MATCH = YES;
				CODE_SIGN_IDENTITY = "-";
				COPY_PHASE_STRIP = NO;
				DEBUG_INFORMATION_FORMAT = dwarf;
				ENABLE_STRICT_OBJC_MSGSEND = YES;
				ENABLE_TESTABILITY = YES;
				GCC_C_LANGUAGE_STANDARD = gnu99;
				GCC_DYNAMIC_NO_PIC = NO;
				GCC_NO_COMMON_BLOCKS = YES;
				GCC_OPTIMIZATION_LEVEL = 0;
				GCC_PREPROCESSOR_DEFINITIONS = (
					"DEBUG=1",
					"$(inherited)",
				);
				GCC_WARN_64_TO_32_BIT_CONVERSION = YES;
				GCC_WARN_ABOUT_RETURN_TYPE = YES_ERROR;
				GCC_WARN_UNDECLARED_SELECTOR = YES;
				GCC_WARN_UNINITIALIZED_AUTOS = YES_AGGRESSIVE;
				GCC_WARN_UNUSED_FUNCTION = YES;
				GCC_WARN_UNUSED_VARIABLE = YES;
				MACOSX_DEPLOYMENT_TARGET = 10.11;
				MTL_ENABLE_DEBUG_INFO = YES;
				ONLY_ACTIVE_ARCH = YES;
				SDKROOT = macosx;
				SWIFT_OPTIMIZATION_LEVEL = "-Onone";
			};
			name = Debug;
		};
		9A4ED3CE1CA898E200DECFAC /* Release */ = {
			isa = XCBuildConfiguration;
			buildSettings = {
				ALWAYS_SEARCH_USER_PATHS = NO;
				CLANG_ANALYZER_NONNULL = YES;
				CLANG_CXX_LANGUAGE_STANDARD = "gnu++0x";
				CLANG_CXX_LIBRARY = "libc++";
				CLANG_ENABLE_MODULES = YES;
				CLANG_ENABLE_OBJC_ARC = YES;
				CLANG_WARN_BOOL_CONVERSION = YES;
				CLANG_WARN_CONSTANT_CONVERSION = YES;
				CLANG_WARN_DIRECT_OBJC_ISA_USAGE = YES_ERROR;
				CLANG_WARN_EMPTY_BODY = YES;
				CLANG_WARN_ENUM_CONVERSION = YES;
				CLANG_WARN_INT_CONVERSION = YES;
				CLANG_WARN_OBJC_ROOT_CLASS = YES_ERROR;
				CLANG_WARN_UNREACHABLE_CODE = YES;
				CLANG_WARN__DUPLICATE_METHOD_MATCH = YES;
				CODE_SIGN_IDENTITY = "-";
				COPY_PHASE_STRIP = NO;
				DEBUG_INFORMATION_FORMAT = "dwarf-with-dsym";
				ENABLE_NS_ASSERTIONS = NO;
				ENABLE_STRICT_OBJC_MSGSEND = YES;
				GCC_C_LANGUAGE_STANDARD = gnu99;
				GCC_NO_COMMON_BLOCKS = YES;
				GCC_WARN_64_TO_32_BIT_CONVERSION = YES;
				GCC_WARN_ABOUT_RETURN_TYPE = YES_ERROR;
				GCC_WARN_UNDECLARED_SELECTOR = YES;
				GCC_WARN_UNINITIALIZED_AUTOS = YES_AGGRESSIVE;
				GCC_WARN_UNUSED_FUNCTION = YES;
				GCC_WARN_UNUSED_VARIABLE = YES;
				MACOSX_DEPLOYMENT_TARGET = 10.11;
				MTL_ENABLE_DEBUG_INFO = NO;
				SDKROOT = macosx;
			};
			name = Release;
		};
		9A4ED3D01CA898E200DECFAC /* Debug */ = {
			isa = XCBuildConfiguration;
			buildSettings = {
				ASSETCATALOG_COMPILER_APPICON_NAME = AppIcon;
				COMBINE_HIDPI_IMAGES = YES;
				INFOPLIST_FILE = StreamcloudGrabber/Info.plist;
				LD_RUNPATH_SEARCH_PATHS = "$(inherited) @executable_path/../Frameworks";
				MACOSX_DEPLOYMENT_TARGET = 10.10;
				PRODUCT_BUNDLE_IDENTIFIER = com.defense2000x.StreamcloudGrabber;
				PRODUCT_NAME = "$(TARGET_NAME)";
			};
			name = Debug;
		};
		9A4ED3D11CA898E200DECFAC /* Release */ = {
			isa = XCBuildConfiguration;
			buildSettings = {
				ASSETCATALOG_COMPILER_APPICON_NAME = AppIcon;
				COMBINE_HIDPI_IMAGES = YES;
				INFOPLIST_FILE = StreamcloudGrabber/Info.plist;
				LD_RUNPATH_SEARCH_PATHS = "$(inherited) @executable_path/../Frameworks";
				MACOSX_DEPLOYMENT_TARGET = 10.10;
				PRODUCT_BUNDLE_IDENTIFIER = com.defense2000x.StreamcloudGrabber;
				PRODUCT_NAME = "$(TARGET_NAME)";
			};
			name = Release;
		};
/* End XCBuildConfiguration section */

/* Begin XCConfigurationList section */
		9A4ED3BD1CA898E100DECFAC /* Build configuration list for PBXProject "StreamcloudGrabber" */ = {
			isa = XCConfigurationList;
			buildConfigurations = (
				9A4ED3CD1CA898E200DECFAC /* Debug */,
				9A4ED3CE1CA898E200DECFAC /* Release */,
			);
			defaultConfigurationIsVisible = 0;
			defaultConfigurationName = Release;
		};
		9A4ED3CF1CA898E200DECFAC /* Build configuration list for PBXNativeTarget "StreamcloudGrabber" */ = {
			isa = XCConfigurationList;
			buildConfigurations = (
				9A4ED3D01CA898E200DECFAC /* Debug */,
				9A4ED3D11CA898E200DECFAC /* Release */,
			);
			defaultConfigurationIsVisible = 0;
		};
/* End XCConfigurationList section */
	};
	rootObject = 9A4ED3BA1CA898E100DECFAC /* Project object */;
}
